
Microsoft Visual Studio Solution File, Format Version 12.00
# Visual Studio Version 17
VisualStudioVersion = 17.4.33205.214
MinimumVisualStudioVersion = 10.0.40219.1
Project("{9A19103F-16F7-4668-BE54-9A1E7A4F7556}") = "ProjetoFinalLivia", "ProjetoFinalLivia.csproj", "{04DAC51C-6D95-4A19-9583-C116D3314D15}"
EndProject
Global
	GlobalSection(SolutionConfigurationPlatforms) = preSolution
		Debug|Any CPU = Debug|Any CPU
		Release|Any CPU = Release|Any CPU
	EndGlobalSection
	GlobalSection(ProjectConfigurationPlatforms) = postSolution
		{04DAC51C-6D95-4A19-9583-C116D3314D15}.Debug|Any CPU.ActiveCfg = Debug|Any CPU
		{04DAC51C-6D95-4A19-9583-C116D3314D15}.Debug|Any CPU.Build.0 = Debug|Any CPU
		{04DAC51C-6D95-4A19-9583-C116D3314D15}.Release|Any CPU.ActiveCfg = Release|Any CPU
		{04DAC51C-6D95-4A19-9583-C116D3314D15}.Release|Any CPU.Build.0 = Release|Any CPU
	EndGlobalSection
	GlobalSection(SolutionProperties) = preSolution
		HideSolutionNode = FALSE
	EndGlobalSection
	GlobalSection(ExtensibilityGlobals) = postSolution
		SolutionGuid = {44B3AF18-5997-4F1F-9322-60F691935A34}
	EndGlobalSection
EndGlobal
